
Microsoft Visual Studio Solution File, Format Version 12.00
# Visual Studio Version 16
VisualStudioVersion = 16.0.28822.285
MinimumVisualStudioVersion = 10.0.40219.1
Project("{FAE04EC0-301F-11D3-BF4B-00C04F79EFBC}") = "TSInteropGen", "TSInteropGen\TSInteropGen.csproj", "{96831940-1F4B-45D5-A6FB-FE67A8E95755}"
EndProject
Global
	GlobalSection(SolutionConfigurationPlatforms) = preSolution
		Debug|Any CPU = Debug|Any CPU
		Release|Any CPU = Release|Any CPU
	EndGlobalSection
	GlobalSection(ProjectConfigurationPlatforms) = postSolution
		{96831940-1F4B-45D5-A6FB-FE67A8E95755}.Debug|Any CPU.ActiveCfg = Debug|Any CPU
		{96831940-1F4B-45D5-A6FB-FE67A8E95755}.Debug|Any CPU.Build.0 = Debug|Any CPU
		{96831940-1F4B-45D5-A6FB-FE67A8E95755}.Release|Any CPU.ActiveCfg = Release|Any CPU
		{96831940-1F4B-45D5-A6FB-FE67A8E95755}.Release|Any CPU.Build.0 = Release|Any CPU
	EndGlobalSection
	GlobalSection(SolutionProperties) = preSolution
		HideSolutionNode = FALSE
	EndGlobalSection
	GlobalSection(ExtensibilityGlobals) = postSolution
		SolutionGuid = {355E0744-7B82-4998-A67C-6433BC1D108C}
	EndGlobalSection
EndGlobal
